
Microsoft Visual Studio Solution File, Format Version 12.00
# Visual Studio Version 17
VisualStudioVersion = 17.9.34902.65
MinimumVisualStudioVersion = 10.0.40219.1
Project("{FAE04EC0-301F-11D3-BF4B-00C04F79EFBC}") = "PennyWise.WebApp", "PennyWise.WebApp\PennyWise.WebApp.csproj", "{1512CEE8-A3FF-45E7-916F-6C24698C2373}"
EndProject
Project("{FAE04EC0-301F-11D3-BF4B-00C04F79EFBC}") = "PennyWise.Data", "PennyWise.Data\PennyWise.Data.csproj", "{52D653A2-5D83-420B-8D64-D13C9C54EB9E}"
EndProject
Project("{FAE04EC0-301F-11D3-BF4B-00C04F79EFBC}") = "PennyWise.Services", "PennyWise.Services\PennyWise.Services.csproj", "{80933280-65A1-445F-B859-A964D1661255}"
EndProject
Global
	GlobalSection(SolutionConfigurationPlatforms) = preSolution
		Debug|Any CPU = Debug|Any CPU
		Release|Any CPU = Release|Any CPU
	EndGlobalSection
	GlobalSection(ProjectConfigurationPlatforms) = postSolution
		{1512CEE8-A3FF-45E7-916F-6C24698C2373}.Debug|Any CPU.ActiveCfg = Debug|Any CPU
		{1512CEE8-A3FF-45E7-916F-6C24698C2373}.Debug|Any CPU.Build.0 = Debug|Any CPU
		{1512CEE8-A3FF-45E7-916F-6C24698C2373}.Release|Any CPU.ActiveCfg = Release|Any CPU
		{1512CEE8-A3FF-45E7-916F-6C24698C2373}.Release|Any CPU.Build.0 = Release|Any CPU
		{52D653A2-5D83-420B-8D64-D13C9C54EB9E}.Debug|Any CPU.ActiveCfg = Debug|Any CPU
		{52D653A2-5D83-420B-8D64-D13C9C54EB9E}.Debug|Any CPU.Build.0 = Debug|Any CPU
		{52D653A2-5D83-420B-8D64-D13C9C54EB9E}.Release|Any CPU.ActiveCfg = Release|Any CPU
		{52D653A2-5D83-420B-8D64-D13C9C54EB9E}.Release|Any CPU.Build.0 = Release|Any CPU
		{80933280-65A1-445F-B859-A964D1661255}.Debug|Any CPU.ActiveCfg = Debug|Any CPU
		{80933280-65A1-445F-B859-A964D1661255}.Debug|Any CPU.Build.0 = Debug|Any CPU
		{80933280-65A1-445F-B859-A964D1661255}.Release|Any CPU.ActiveCfg = Release|Any CPU
		{80933280-65A1-445F-B859-A964D1661255}.Release|Any CPU.Build.0 = Release|Any CPU
	EndGlobalSection
	GlobalSection(SolutionProperties) = preSolution
		HideSolutionNode = FALSE
	EndGlobalSection
	GlobalSection(ExtensibilityGlobals) = postSolution
		SolutionGuid = {30040C73-A970-4114-8EF8-66A625E6B7A6}
	EndGlobalSection
EndGlobal
